
Microsoft Visual Studio Solution File, Format Version 12.00
# Visual Studio Version 16
VisualStudioVersion = 16.0.31829.152
MinimumVisualStudioVersion = 10.0.40219.1
Project("{F2A71F9B-5D33-465A-A702-920D77279786}") = "miniAoC", "miniAoC\miniAoC.fsproj", "{5C747BF2-596C-47F9-BF02-EE0DD77ADAEC}"
EndProject
Global
	GlobalSection(SolutionConfigurationPlatforms) = preSolution
		Debug|Any CPU = Debug|Any CPU
		Release|Any CPU = Release|Any CPU
	EndGlobalSection
	GlobalSection(ProjectConfigurationPlatforms) = postSolution
		{5C747BF2-596C-47F9-BF02-EE0DD77ADAEC}.Debug|Any CPU.ActiveCfg = Debug|Any CPU
		{5C747BF2-596C-47F9-BF02-EE0DD77ADAEC}.Debug|Any CPU.Build.0 = Debug|Any CPU
		{5C747BF2-596C-47F9-BF02-EE0DD77ADAEC}.Release|Any CPU.ActiveCfg = Release|Any CPU
		{5C747BF2-596C-47F9-BF02-EE0DD77ADAEC}.Release|Any CPU.Build.0 = Release|Any CPU
	EndGlobalSection
	GlobalSection(SolutionProperties) = preSolution
		HideSolutionNode = FALSE
	EndGlobalSection
	GlobalSection(ExtensibilityGlobals) = postSolution
		SolutionGuid = {24016336-B80F-41C6-889A-D3E010AB864F}
	EndGlobalSection
EndGlobal
